github.com/u-root/u-root v0.0.0-20180806213625-12f9029297cf h1:EEvaBfp7JfttSDsqDibrSFPXga9xuthzkVt9IfatI2w=
github.com/u-root/u-root v0.0.0-20180806213625-12f9029297cf/go.mod h1:RYkpo8pTHrNjW08opNd/U6p/RJE7K0D8fXO0d47+3YY=
golang.org/x/sys v0.1.0 h1:kunALQeHf1/185U1i0GOB/fy1IPRDDpuoOOqRReG57U=
golang.org/x/sys v0.1.0/go.mod h1:oPkhp1MJrh7nUepCBck5+mAzfO9JrbApNNgaTdGDITg=
